
Microsoft Visual Studio Solution File, Format Version 12.00
# Visual Studio Version 17
VisualStudioVersion = 17.5.33530.505
MinimumVisualStudioVersion = 10.0.40219.1
Project("{FAE04EC0-301F-11D3-BF4B-00C04F79EFBC}") = "Interfaces3", "Interfaces3\Interfaces3.csproj", "{F44455DD-3A7C-4749-8FFE-2E17091CB1D9}"
EndProject
Global
	GlobalSection(SolutionConfigurationPlatforms) = preSolution
		Debug|Any CPU = Debug|Any CPU
		Release|Any CPU = Release|Any CPU
	EndGlobalSection
	GlobalSection(ProjectConfigurationPlatforms) = postSolution
		{F44455DD-3A7C-4749-8FFE-2E17091CB1D9}.Debug|Any CPU.ActiveCfg = Debug|Any CPU
		{F44455DD-3A7C-4749-8FFE-2E17091CB1D9}.Debug|Any CPU.Build.0 = Debug|Any CPU
		{F44455DD-3A7C-4749-8FFE-2E17091CB1D9}.Release|Any CPU.ActiveCfg = Release|Any CPU
		{F44455DD-3A7C-4749-8FFE-2E17091CB1D9}.Release|Any CPU.Build.0 = Release|Any CPU
	EndGlobalSection
	GlobalSection(SolutionProperties) = preSolution
		HideSolutionNode = FALSE
	EndGlobalSection
	GlobalSection(ExtensibilityGlobals) = postSolution
		SolutionGuid = {27CBC7CE-D17F-4B67-A09E-5FE091EB774C}
	EndGlobalSection
EndGlobal
